
Microsoft Visual Studio Solution File, Format Version 12.00
# Visual Studio Version 17
VisualStudioVersion = 17.5.33414.496
MinimumVisualStudioVersion = 10.0.40219.1
Project("{9A19103F-16F7-4668-BE54-9A1E7A4F7556}") = "InternalSurvey.Api", "InternalSurvey.Api\InternalSurvey.Api.csproj", "{7688FC08-F0A6-43C8-90A5-3A417A1A5455}"
EndProject
Global
	GlobalSection(SolutionConfigurationPlatforms) = preSolution
		Debug|Any CPU = Debug|Any CPU
		Release|Any CPU = Release|Any CPU
	EndGlobalSection
	GlobalSection(ProjectConfigurationPlatforms) = postSolution
		{7688FC08-F0A6-43C8-90A5-3A417A1A5455}.Debug|Any CPU.ActiveCfg = Debug|Any CPU
		{7688FC08-F0A6-43C8-90A5-3A417A1A5455}.Debug|Any CPU.Build.0 = Debug|Any CPU
		{7688FC08-F0A6-43C8-90A5-3A417A1A5455}.Release|Any CPU.ActiveCfg = Release|Any CPU
		{7688FC08-F0A6-43C8-90A5-3A417A1A5455}.Release|Any CPU.Build.0 = Release|Any CPU
	EndGlobalSection
	GlobalSection(SolutionProperties) = preSolution
		HideSolutionNode = FALSE
	EndGlobalSection
	GlobalSection(ExtensibilityGlobals) = postSolution
		SolutionGuid = {A33D619C-673A-407B-901A-F7BCE7A67C75}
	EndGlobalSection
EndGlobal
